
Microsoft Visual Studio Solution File, Format Version 12.00
# Visual Studio Version 17
VisualStudioVersion = 17.11.35327.3
MinimumVisualStudioVersion = 10.0.40219.1
Project("{FAE04EC0-301F-11D3-BF4B-00C04F79EFBC}") = "Color", "Color\Color.csproj", "{8AF81339-4A0D-4B51-A905-E56EC59885B6}"
EndProject
Global
	GlobalSection(SolutionConfigurationPlatforms) = preSolution
		Debug|Any CPU = Debug|Any CPU
		Release|Any CPU = Release|Any CPU
	EndGlobalSection
	GlobalSection(ProjectConfigurationPlatforms) = postSolution
		{8AF81339-4A0D-4B51-A905-E56EC59885B6}.Debug|Any CPU.ActiveCfg = Debug|Any CPU
		{8AF81339-4A0D-4B51-A905-E56EC59885B6}.Debug|Any CPU.Build.0 = Debug|Any CPU
		{8AF81339-4A0D-4B51-A905-E56EC59885B6}.Release|Any CPU.ActiveCfg = Release|Any CPU
		{8AF81339-4A0D-4B51-A905-E56EC59885B6}.Release|Any CPU.Build.0 = Release|Any CPU
	EndGlobalSection
	GlobalSection(SolutionProperties) = preSolution
		HideSolutionNode = FALSE
	EndGlobalSection
	GlobalSection(ExtensibilityGlobals) = postSolution
		SolutionGuid = {8FE62110-A68A-4154-9B0D-F7BDB1567097}
	EndGlobalSection
EndGlobal
